// !$*UTF8*$!
{
	archiveVersion = 1;
	classes = {
	};
	objectVersion = 55;
	objects = {

/* Begin PBXBuildFile section */
		D41017772805FADD006DE8FD /* PDF_2022_03_28_23_24_02.pdf in Resources */ = {isa = PBXBuildFile; fileRef = D41017762805FADD006DE8FD /* PDF_2022_03_28_23_24_02.pdf */; };
		D41017792805FD66006DE8FD /* PDFCreator.swift in Sources */ = {isa = PBXBuildFile; fileRef = D41017782805FD66006DE8FD /* PDFCreator.swift */; };
		D4581AF92804CFC600211B27 /* AppDelegate.swift in Sources */ = {isa = PBXBuildFile; fileRef = D4581AF82804CFC600211B27 /* AppDelegate.swift */; };
		D4581AFB2804CFC600211B27 /* SceneDelegate.swift in Sources */ = {isa = PBXBuildFile; fileRef = D4581AFA2804CFC600211B27 /* SceneDelegate.swift */; };
		D4581AFD2804CFC600211B27 /* FormViewController.swift in Sources */ = {isa = PBXBuildFile; fileRef = D4581AFC2804CFC600211B27 /* FormViewController.swift */; };
		D4581B002804CFC600211B27 /* Main.storyboard in Resources */ = {isa = PBXBuildFile; fileRef = D4581AFE2804CFC600211B27 /* Main.storyboard */; };
		D4581B022804CFC700211B27 /* Assets.xcassets in Resources */ = {isa = PBXBuildFile; fileRef = D4581B012804CFC700211B27 /* Assets.xcassets */; };
		D4581B052804CFC700211B27 /* LaunchScreen.storyboard in Resources */ = {isa = PBXBuildFile; fileRef = D4581B032804CFC700211B27 /* LaunchScreen.storyboard */; };
		D4B75A392805F94B00B467AD /* PreviewViewController.swift in Sources */ = {isa = PBXBuildFile; fileRef = D4B75A382805F94B00B467AD /* PreviewViewController.swift */; };
/* End PBXBuildFile section */

/* Begin PBXFileReference section */
		D41017762805FADD006DE8FD /* PDF_2022_03_28_23_24_02.pdf */ = {isa = PBXFileReference; lastKnownFileType = image.pdf; path = PDF_2022_03_28_23_24_02.pdf; sourceTree = "<group>"; };
		D41017782805FD66006DE8FD /* PDFCreator.swift */ = {isa = PBXFileReference; lastKnownFileType = sourcecode.swift; path = PDFCreator.swift; sourceTree = "<group>"; };
		D4581AF52804CFC600211B27 /* PDF Creator.app */ = {isa = PBXFileReference; explicitFileType = wrapper.application; includeInIndex = 0; path = "PDF Creator.app"; sourceTree = BUILT_PRODUCTS_DIR; };
		D4581AF82804CFC600211B27 /* AppDelegate.swift */ = {isa = PBXFileReference; lastKnownFileType = sourcecode.swift; path = AppDelegate.swift; sourceTree = "<group>"; };
		D4581AFA2804CFC600211B27 /* SceneDelegate.swift */ = {isa = PBXFileReference; lastKnownFileType = sourcecode.swift; path = SceneDelegate.swift; sourceTree = "<group>"; };
		D4581AFC2804CFC600211B27 /* FormViewController.swift */ = {isa = PBXFileReference; lastKnownFileType = sourcecode.swift; path = FormViewController.swift; sourceTree = "<group>"; };
		D4581AFF2804CFC600211B27 /* Base */ = {isa = PBXFileReference; lastKnownFileType = file.storyboard; name = Base; path = Base.lproj/Main.storyboard; sourceTree = "<group>"; };
		D4581B012804CFC700211B27 /* Assets.xcassets */ = {isa = PBXFileReference; lastKnownFileType = folder.assetcatalog; path = Assets.xcassets; sourceTree = "<group>"; };
		D4581B042804CFC700211B27 /* Base */ = {isa = PBXFileReference; lastKnownFileType = file.storyboard; name = Base; path = Base.lproj/LaunchScreen.storyboard; sourceTree = "<group>"; };
		D4581B062804CFC700211B27 /* Info.plist */ = {isa = PBXFileReference; lastKnownFileType = text.plist.xml; path = Info.plist; sourceTree = "<group>"; };
		D4B75A382805F94B00B467AD /* PreviewViewController.swift */ = {isa = PBXFileReference; lastKnownFileType = sourcecode.swift; path = PreviewViewController.swift; sourceTree = "<group>"; };
/* End PBXFileReference section */

/* Begin PBXFrameworksBuildPhase section */
		D4581AF22804CFC600211B27 /* Frameworks */ = {
			isa = PBXFrameworksBuildPhase;
			buildActionMask = 2147483647;
			files = (
			);
			runOnlyForDeploymentPostprocessing = 0;
		};
/* End PBXFrameworksBuildPhase section */

/* Begin PBXGroup section */
		D4581AEC2804CFC600211B27 = {
			isa = PBXGroup;
			children = (
				D4581AF72804CFC600211B27 /* PDF Creator */,
				D4581AF62804CFC600211B27 /* Products */,
			);
			sourceTree = "<group>";
		};
		D4581AF62804CFC600211B27 /* Products */ = {
			isa = PBXGroup;
			children = (
				D4581AF52804CFC600211B27 /* PDF Creator.app */,
			);
			name = Products;
			sourceTree = "<group>";
		};
		D4581AF72804CFC600211B27 /* PDF Creator */ = {
			isa = PBXGroup;
			children = (
				D41017762805FADD006DE8FD /* PDF_2022_03_28_23_24_02.pdf */,
				D4581AF82804CFC600211B27 /* AppDelegate.swift */,
				D4581AFA2804CFC600211B27 /* SceneDelegate.swift */,
				D4581AFC2804CFC600211B27 /* FormViewController.swift */,
				D4581AFE2804CFC600211B27 /* Main.storyboard */,
				D4581B012804CFC700211B27 /* Assets.xcassets */,
				D4581B032804CFC700211B27 /* LaunchScreen.storyboard */,
				D4581B062804CFC700211B27 /* Info.plist */,
				D4B75A382805F94B00B467AD /* PreviewViewController.swift */,
				D41017782805FD66006DE8FD /* PDFCreator.swift */,
			);
			path = "PDF Creator";
			sourceTree = "<group>";
		};
/* End PBXGroup section */

/* Begin PBXNativeTarget section */
		D4581AF42804CFC600211B27 /* PDF Creator */ = {
			isa = PBXNativeTarget;
			buildConfigurationList = D4581B092804CFC700211B27 /* Build configuration list for PBXNativeTarget "PDF Creator" */;
			buildPhases = (
				D4581AF12804CFC600211B27 /* Sources */,
				D4581AF22804CFC600211B27 /* Frameworks */,
				D4581AF32804CFC600211B27 /* Resources */,
			);
			buildRules = (
			);
			dependencies = (
			);
			name = "PDF Creator";
			productName = "PDF Creator";
			productReference = D4581AF52804CFC600211B27 /* PDF Creator.app */;
			productType = "com.apple.product-type.application";
		};
/* End PBXNativeTarget section */

/* Begin PBXProject section */
		D4581AED2804CFC600211B27 /* Project object */ = {
			isa = PBXProject;
			attributes = {
				BuildIndependentTargetsInParallel = 1;
				LastSwiftUpdateCheck = 1330;
				LastUpgradeCheck = 1330;
				TargetAttributes = {
					D4581AF42804CFC600211B27 = {
						CreatedOnToolsVersion = 13.3;
					};
				};
			};
			buildConfigurationList = D4581AF02804CFC600211B27 /* Build configuration list for PBXProject "PDF Creator" */;
			compatibilityVersion = "Xcode 13.0";
			developmentRegion = en;
			hasScannedForEncodings = 0;
			knownRegions = (
				en,
				Base,
			);
			mainGroup = D4581AEC2804CFC600211B27;
			productRefGroup = D4581AF62804CFC600211B27 /* Products */;
			projectDirPath = "";
			projectRoot = "";
			targets = (
				D4581AF42804CFC600211B27 /* PDF Creator */,
			);
		};
/* End PBXProject section */

/* Begin PBXResourcesBuildPhase section */
		D4581AF32804CFC600211B27 /* Resources */ = {
			isa = PBXResourcesBuildPhase;
			buildActionMask = 2147483647;
			files = (
				D4581B052804CFC700211B27 /* LaunchScreen.storyboard in Resources */,
				D4581B022804CFC700211B27 /* Assets.xcassets in Resources */,
				D4581B002804CFC600211B27 /* Main.storyboard in Resources */,
				D41017772805FADD006DE8FD /* PDF_2022_03_28_23_24_02.pdf in Resources */,
			);
			runOnlyForDeploymentPostprocessing = 0;
		};
/* End PBXResourcesBuildPhase section */

/* Begin PBXSourcesBuildPhase section */
		D4581AF12804CFC600211B27 /* Sources */ = {
			isa = PBXSourcesBuildPhase;
			buildActionMask = 2147483647;
			files = (
				D4581AFD2804CFC600211B27 /* FormViewController.swift in Sources */,
				D4581AF92804CFC600211B27 /* AppDelegate.swift in Sources */,
				D4581AFB2804CFC600211B27 /* SceneDelegate.swift in Sources */,
				D4B75A392805F94B00B467AD /* PreviewViewController.swift in Sources */,
				D41017792805FD66006DE8FD /* PDFCreator.swift in Sources */,
			);
			runOnlyForDeploymentPostprocessing = 0;
		};
/* End PBXSourcesBuildPhase section */

/* Begin PBXVariantGroup section */
		D4581AFE2804CFC600211B27 /* Main.storyboard */ = {
			isa = PBXVariantGroup;
			children = (
				D4581AFF2804CFC600211B27 /* Base */,
			);
			name = Main.storyboard;
			sourceTree = "<group>";
		};
		D4581B032804CFC700211B27 /* LaunchScreen.storyboard */ = {
			isa = PBXVariantGroup;
			children = (
				D4581B042804CFC700211B27 /* Base */,
			);
			name = LaunchScreen.storyboard;
			sourceTree = "<group>";
		};
/* End PBXVariantGroup section */

/* Begin XCBuildConfiguration section */
		D4581B072804CFC700211B27 /* Debug */ = {
			isa = XCBuildConfiguration;
			buildSettings = {
				ALWAYS_SEARCH_USER_PATHS = NO;
				CLANG_ANALYZER_NONNULL = YES;
				CLANG_ANALYZER_NUMBER_OBJECT_CONVERSION = YES_AGGRESSIVE;
				CLANG_CXX_LANGUAGE_STANDARD = "gnu++17";
				CLANG_ENABLE_MODULES = YES;
				CLANG_ENABLE_OBJC_ARC = YES;
				CLANG_ENABLE_OBJC_WEAK = YES;
				CLANG_WARN_BLOCK_CAPTURE_AUTORELEASING = YES;
				CLANG_WARN_BOOL_CONVERSION = YES;
				CLANG_WARN_COMMA = YES;
				CLANG_WARN_CONSTANT_CONVERSION = YES;
				CLANG_WARN_DEPRECATED_OBJC_IMPLEMENTATIONS = YES;
				CLANG_WARN_DIRECT_OBJC_ISA_USAGE = YES_ERROR;
				CLANG_WARN_DOCUMENTATION_COMMENTS = YES;
				CLANG_WARN_EMPTY_BODY = YES;
				CLANG_WARN_ENUM_CONVERSION = YES;
				CLANG_WARN_INFINITE_RECURSION = YES;
				CLANG_WARN_INT_CONVERSION = YES;
				CLANG_WARN_NON_LITERAL_NULL_CONVERSION = YES;
				CLANG_WARN_OBJC_IMPLICIT_RETAIN_SELF = YES;
				CLANG_WARN_OBJC_LITERAL_CONVERSION = YES;
				CLANG_WARN_OBJC_ROOT_CLASS = YES_ERROR;
				CLANG_WARN_QUOTED_INCLUDE_IN_FRAMEWORK_HEADER = YES;
				CLANG_WARN_RANGE_LOOP_ANALYSIS = YES;
				CLANG_WARN_STRICT_PROTOTYPES = YES;
				CLANG_WARN_SUSPICIOUS_MOVE = YES;
				CLANG_WARN_UNGUARDED_AVAILABILITY = YES_AGGRESSIVE;
				CLANG_WARN_UNREACHABLE_CODE = YES;
				CLANG_WARN__DUPLICATE_METHOD_MATCH = YES;
				COPY_PHASE_STRIP = NO;
				DEBUG_INFORMATION_FORMAT = dwarf;
				ENABLE_STRICT_OBJC_MSGSEND = YES;
				ENABLE_TESTABILITY = YES;
				GCC_C_LANGUAGE_STANDARD = gnu11;
				GCC_DYNAMIC_NO_PIC = NO;
				GCC_NO_COMMON_BLOCKS = YES;
				GCC_OPTIMIZATION_LEVEL = 0;
				GCC_PREPROCESSOR_DEFINITIONS = (
					"DEBUG=1",
					"$(inherited)",
				);
				GCC_WARN_64_TO_32_BIT_CONVERSION = YES;
				GCC_WARN_ABOUT_RETURN_TYPE = YES_ERROR;
				GCC_WARN_UNDECLARED_SELECTOR = YES;
				GCC_WARN_UNINITIALIZED_AUTOS = YES_AGGRESSIVE;
				GCC_WARN_UNUSED_FUNCTION = YES;
				GCC_WARN_UNUSED_VARIABLE = YES;
				IPHONEOS_DEPLOYMENT_TARGET = 15.4;
				MTL_ENABLE_DEBUG_INFO = INCLUDE_SOURCE;
				MTL_FAST_MATH = YES;
				ONLY_ACTIVE_ARCH = YES;
				SDKROOT = iphoneos;
				SWIFT_ACTIVE_COMPILATION_CONDITIONS = DEBUG;
				SWIFT_OPTIMIZATION_LEVEL = "-Onone";
			};
			name = Debug;
		};
		D4581B082804CFC700211B27 /* Release */ = {
			isa = XCBuildConfiguration;
			buildSettings = {
				ALWAYS_SEARCH_USER_PATHS = NO;
				CLANG_ANALYZER_NONNULL = YES;
				CLANG_ANALYZER_NUMBER_OBJECT_CONVERSION = YES_AGGRESSIVE;
				CLANG_CXX_LANGUAGE_STANDARD = "gnu++17";
				CLANG_ENABLE_MODULES = YES;
				CLANG_ENABLE_OBJC_ARC = YES;
				CLANG_ENABLE_OBJC_WEAK = YES;
				CLANG_WARN_BLOCK_CAPTURE_AUTORELEASING = YES;
				CLANG_WARN_BOOL_CONVERSION = YES;
				CLANG_WARN_COMMA = YES;
				CLANG_WARN_CONSTANT_CONVERSION = YES;
				CLANG_WARN_DEPRECATED_OBJC_IMPLEMENTATIONS = YES;
				CLANG_WARN_DIRECT_OBJC_ISA_USAGE = YES_ERROR;
				CLANG_WARN_DOCUMENTATION_COMMENTS = YES;
				CLANG_WARN_EMPTY_BODY = YES;
				CLANG_WARN_ENUM_CONVERSION = YES;
				CLANG_WARN_INFINITE_RECURSION = YES;
				CLANG_WARN_INT_CONVERSION = YES;
				CLANG_WARN_NON_LITERAL_NULL_CONVERSION = YES;
				CLANG_WARN_OBJC_IMPLICIT_RETAIN_SELF = YES;
				CLANG_WARN_OBJC_LITERAL_CONVERSION = YES;
				CLANG_WARN_OBJC_ROOT_CLASS = YES_ERROR;
				CLANG_WARN_QUOTED_INCLUDE_IN_FRAMEWORK_HEADER = YES;
				CLANG_WARN_RANGE_LOOP_ANALYSIS = YES;
				CLANG_WARN_STRICT_PROTOTYPES = YES;
				CLANG_WARN_SUSPICIOUS_MOVE = YES;
				CLANG_WARN_UNGUARDED_AVAILABILITY = YES_AGGRESSIVE;
				CLANG_WARN_UNREACHABLE_CODE = YES;
				CLANG_WARN__DUPLICATE_METHOD_MATCH = YES;
				COPY_PHASE_STRIP = NO;
				DEBUG_INFORMATION_FORMAT = "dwarf-with-dsym";
				ENABLE_NS_ASSERTIONS = NO;
				ENABLE_STRICT_OBJC_MSGSEND = YES;
				GCC_C_LANGUAGE_STANDARD = gnu11;
				GCC_NO_COMMON_BLOCKS = YES;
				GCC_WARN_64_TO_32_BIT_CONVERSION = YES;
				GCC_WARN_ABOUT_RETURN_TYPE = YES_ERROR;
				GCC_WARN_UNDECLARED_SELECTOR = YES;
				GCC_WARN_UNINITIALIZED_AUTOS = YES_AGGRESSIVE;
				GCC_WARN_UNUSED_FUNCTION = YES;
				GCC_WARN_UNUSED_VARIABLE = YES;
				IPHONEOS_DEPLOYMENT_TARGET = 15.4;
				MTL_ENABLE_DEBUG_INFO = NO;
				MTL_FAST_MATH = YES;
				SDKROOT = iphoneos;
				SWIFT_COMPILATION_MODE = wholemodule;
				SWIFT_OPTIMIZATION_LEVEL = "-O";
				VALIDATE_PRODUCT = YES;
			};
			name = Release;
		};
		D4581B0A2804CFC700211B27 /* Debug */ = {
			isa = XCBuildConfiguration;
			buildSettings = {
				ASSETCATALOG_COMPILER_APPICON_NAME = AppIcon;
				ASSETCATALOG_COMPILER_GLOBAL_ACCENT_COLOR_NAME = AccentColor;
				CODE_SIGN_STYLE = Automatic;
				CURRENT_PROJECT_VERSION = 1;
				DEVELOPMENT_TEAM = DS78P94X2F;
				GENERATE_INFOPLIST_FILE = YES;
				INFOPLIST_FILE = "PDF Creator/Info.plist";
				INFOPLIST_KEY_UIApplicationSupportsIndirectInputEvents = YES;
				INFOPLIST_KEY_UILaunchStoryboardName = LaunchScreen;
				INFOPLIST_KEY_UIMainStoryboardFile = Main;
				INFOPLIST_KEY_UISupportedInterfaceOrientations_iPad = "UIInterfaceOrientationPortrait UIInterfaceOrientationPortraitUpsideDown UIInterfaceOrientationLandscapeLeft UIInterfaceOrientationLandscapeRight";
				INFOPLIST_KEY_UISupportedInterfaceOrientations_iPhone = "UIInterfaceOrientationPortrait UIInterfaceOrientationLandscapeLeft UIInterfaceOrientationLandscapeRight";
				LD_RUNPATH_SEARCH_PATHS = (
					"$(inherited)",
					"@executable_path/Frameworks",
				);
				MARKETING_VERSION = 1.0;
				PRODUCT_BUNDLE_IDENTIFIER = "com.teste.PDF-Creator";
				PRODUCT_NAME = "$(TARGET_NAME)";
				SWIFT_EMIT_LOC_STRINGS = YES;
				SWIFT_VERSION = 5.0;
				TARGETED_DEVICE_FAMILY = "1,2";
			};
			name = Debug;
		};
		D4581B0B2804CFC700211B27 /* Release */ = {
			isa = XCBuildConfiguration;
			buildSettings = {
				ASSETCATALOG_COMPILER_APPICON_NAME = AppIcon;
				ASSETCATALOG_COMPILER_GLOBAL_ACCENT_COLOR_NAME = AccentColor;
				CODE_SIGN_STYLE = Automatic;
				CURRENT_PROJECT_VERSION = 1;
				DEVELOPMENT_TEAM = DS78P94X2F;
				GENERATE_INFOPLIST_FILE = YES;
				INFOPLIST_FILE = "PDF Creator/Info.plist";
				INFOPLIST_KEY_UIApplicationSupportsIndirectInputEvents = YES;
				INFOPLIST_KEY_UILaunchStoryboardName = LaunchScreen;
				INFOPLIST_KEY_UIMainStoryboardFile = Main;
				INFOPLIST_KEY_UISupportedInterfaceOrientations_iPad = "UIInterfaceOrientationPortrait UIInterfaceOrientationPortraitUpsideDown UIInterfaceOrientationLandscapeLeft UIInterfaceOrientationLandscapeRight";
				INFOPLIST_KEY_UISupportedInterfaceOrientations_iPhone = "UIInterfaceOrientationPortrait UIInterfaceOrientationLandscapeLeft UIInterfaceOrientationLandscapeRight";
				LD_RUNPATH_SEARCH_PATHS = (
					"$(inherited)",
					"@executable_path/Frameworks",
				);
				MARKETING_VERSION = 1.0;
				PRODUCT_BUNDLE_IDENTIFIER = "com.teste.PDF-Creator";
				PRODUCT_NAME = "$(TARGET_NAME)";
				SWIFT_EMIT_LOC_STRINGS = YES;
				SWIFT_VERSION = 5.0;
				TARGETED_DEVICE_FAMILY = "1,2";
			};
			name = Release;
		};
/* End XCBuildConfiguration section */

/* Begin XCConfigurationList section */
		D4581AF02804CFC600211B27 /* Build configuration list for PBXProject "PDF Creator" */ = {
			isa = XCConfigurationList;
			buildConfigurations = (
				D4581B072804CFC700211B27 /* Debug */,
				D4581B082804CFC700211B27 /* Release */,
			);
			defaultConfigurationIsVisible = 0;
			defaultConfigurationName = Release;
		};
		D4581B092804CFC700211B27 /* Build configuration list for PBXNativeTarget "PDF Creator" */ = {
			isa = XCConfigurationList;
			buildConfigurations = (
				D4581B0A2804CFC700211B27 /* Debug */,
				D4581B0B2804CFC700211B27 /* Release */,
			);
			defaultConfigurationIsVisible = 0;
			defaultConfigurationName = Release;
		};
/* End XCConfigurationList section */
	};
	rootObject = D4581AED2804CFC600211B27 /* Project object */;
}
